
Microsoft Visual Studio Solution File, Format Version 12.00
# Visual Studio Version 16
VisualStudioVersion = 16.0.31313.79
MinimumVisualStudioVersion = 10.0.40219.1
Project("{FAE04EC0-301F-11D3-BF4B-00C04F79EFBC}") = "Hometask7", "Hometask7\Hometask7.csproj", "{8D6136F8-74E8-4F08-8181-F38C074795FF}"
EndProject
Global
	GlobalSection(SolutionConfigurationPlatforms) = preSolution
		Debug|Any CPU = Debug|Any CPU
		Release|Any CPU = Release|Any CPU
	EndGlobalSection
	GlobalSection(ProjectConfigurationPlatforms) = postSolution
		{8D6136F8-74E8-4F08-8181-F38C074795FF}.Debug|Any CPU.ActiveCfg = Debug|Any CPU
		{8D6136F8-74E8-4F08-8181-F38C074795FF}.Debug|Any CPU.Build.0 = Debug|Any CPU
		{8D6136F8-74E8-4F08-8181-F38C074795FF}.Release|Any CPU.ActiveCfg = Release|Any CPU
		{8D6136F8-74E8-4F08-8181-F38C074795FF}.Release|Any CPU.Build.0 = Release|Any CPU
	EndGlobalSection
	GlobalSection(SolutionProperties) = preSolution
		HideSolutionNode = FALSE
	EndGlobalSection
	GlobalSection(ExtensibilityGlobals) = postSolution
		SolutionGuid = {0EE9AFF7-4594-45E3-BF5E-37A2D2C7429B}
	EndGlobalSection
EndGlobal
